
Microsoft Visual Studio Solution File, Format Version 12.00
# Visual Studio Express 2013 for Windows Desktop
VisualStudioVersion = 12.0.31101.0
MinimumVisualStudioVersion = 10.0.40219.1
Project("{8BC9CEB8-8B4A-11D0-8D11-00A0C91BC942}") = "04-13 HomeWork - 1 조사(STL, 컨테이너, 벡터, 리스트, 스택, 큐, 데큐, 맵, iterator, 링크드리스트)", "04-13 HomeWork - 1 조사(STL, 컨테이너, 벡터, 리스트, 스택, 큐, 데큐, 맵, iterator, 링크드리스트).vcxproj", "{28816EA3-20B3-4E7B-A39C-896D3807B6CF}"
EndProject
Global
	GlobalSection(TeamFoundationVersionControl) = preSolution
		SccNumberOfProjects = 2
		SccEnterpriseProvider = {4CA58AB2-18FA-4F8D-95D4-32DDF27D184C}
		SccTeamFoundationServer = https://wlsgks5.visualstudio.com/defaultcollection
		SccLocalPath0 = .
		SccProjectUniqueName1 = 04-13\u0020HomeWork\u0020-\u00201\u0020조사(STL,\u0020컨테이너,\u0020벡터,\u0020리스트,\u0020스택,\u0020큐,\u0020데큐,\u0020맵,\u0020iterator,\u0020링크드리스트).vcxproj
		SccLocalPath1 = .
	EndGlobalSection
	GlobalSection(SolutionConfigurationPlatforms) = preSolution
		Debug|Win32 = Debug|Win32
		Release|Win32 = Release|Win32
	EndGlobalSection
	GlobalSection(ProjectConfigurationPlatforms) = postSolution
		{28816EA3-20B3-4E7B-A39C-896D3807B6CF}.Debug|Win32.ActiveCfg = Debug|Win32
		{28816EA3-20B3-4E7B-A39C-896D3807B6CF}.Debug|Win32.Build.0 = Debug|Win32
		{28816EA3-20B3-4E7B-A39C-896D3807B6CF}.Release|Win32.ActiveCfg = Release|Win32
		{28816EA3-20B3-4E7B-A39C-896D3807B6CF}.Release|Win32.Build.0 = Release|Win32
	EndGlobalSection
	GlobalSection(SolutionProperties) = preSolution
		HideSolutionNode = FALSE
	EndGlobalSection
EndGlobal
