
Microsoft Visual Studio Solution File, Format Version 12.00
# Visual Studio Express 2013 for Windows Desktop
VisualStudioVersion = 12.0.31101.0
MinimumVisualStudioVersion = 10.0.40219.1
Project("{8BC9CEB8-8B4A-11D0-8D11-00A0C91BC942}") = "03-31 TimeAttack - 1 월남뽕 17분", "03-31 TimeAttack - 월남뽕 17분.vcxproj", "{033AE9F1-F458-4C38-9D36-6AA780EBEF02}"
EndProject
Global
	GlobalSection(TeamFoundationVersionControl) = preSolution
		SccNumberOfProjects = 2
		SccEnterpriseProvider = {4CA58AB2-18FA-4F8D-95D4-32DDF27D184C}
		SccTeamFoundationServer = https://wlsgks5.visualstudio.com/defaultcollection
		SccProjectUniqueName0 = 03-31\u0020TimeAttack\u0020-\u0020월남뽕\u002017분.vcxproj
		SccLocalPath0 = .
		SccLocalPath1 = .
	EndGlobalSection
	GlobalSection(SolutionConfigurationPlatforms) = preSolution
		Debug|Win32 = Debug|Win32
		Release|Win32 = Release|Win32
	EndGlobalSection
	GlobalSection(ProjectConfigurationPlatforms) = postSolution
		{033AE9F1-F458-4C38-9D36-6AA780EBEF02}.Debug|Win32.ActiveCfg = Debug|Win32
		{033AE9F1-F458-4C38-9D36-6AA780EBEF02}.Debug|Win32.Build.0 = Debug|Win32
		{033AE9F1-F458-4C38-9D36-6AA780EBEF02}.Release|Win32.ActiveCfg = Release|Win32
		{033AE9F1-F458-4C38-9D36-6AA780EBEF02}.Release|Win32.Build.0 = Release|Win32
	EndGlobalSection
	GlobalSection(SolutionProperties) = preSolution
		HideSolutionNode = FALSE
	EndGlobalSection
EndGlobal
